
Microsoft Visual Studio Solution File, Format Version 12.00
# Visual Studio Version 17
VisualStudioVersion = 17.14.36518.9
MinimumVisualStudioVersion = 10.0.40219.1
Project("{FAE04EC0-301F-11D3-BF4B-00C04F79EFBC}") = "DotMake.SvgSprite", "DotMake.SvgSprite\DotMake.SvgSprite.csproj", "{D6475352-EB4A-425C-A796-EB1BF410A63A}"
EndProject
Project("{FAE04EC0-301F-11D3-BF4B-00C04F79EFBC}") = "DotMake.SvgSprite.Cli", "DotMake.SvgSprite.Cli\DotMake.SvgSprite.Cli.csproj", "{A0365B05-BFBC-45CF-B549-B46F24969D26}"
EndProject
Global
	GlobalSection(SolutionConfigurationPlatforms) = preSolution
		Debug|Any CPU = Debug|Any CPU
		Release|Any CPU = Release|Any CPU
	EndGlobalSection
	GlobalSection(ProjectConfigurationPlatforms) = postSolution
		{D6475352-EB4A-425C-A796-EB1BF410A63A}.Debug|Any CPU.ActiveCfg = Debug|Any CPU
		{D6475352-EB4A-425C-A796-EB1BF410A63A}.Debug|Any CPU.Build.0 = Debug|Any CPU
		{D6475352-EB4A-425C-A796-EB1BF410A63A}.Release|Any CPU.ActiveCfg = Release|Any CPU
		{D6475352-EB4A-425C-A796-EB1BF410A63A}.Release|Any CPU.Build.0 = Release|Any CPU
		{A0365B05-BFBC-45CF-B549-B46F24969D26}.Debug|Any CPU.ActiveCfg = Debug|Any CPU
		{A0365B05-BFBC-45CF-B549-B46F24969D26}.Debug|Any CPU.Build.0 = Debug|Any CPU
		{A0365B05-BFBC-45CF-B549-B46F24969D26}.Release|Any CPU.ActiveCfg = Release|Any CPU
		{A0365B05-BFBC-45CF-B549-B46F24969D26}.Release|Any CPU.Build.0 = Release|Any CPU
	EndGlobalSection
	GlobalSection(SolutionProperties) = preSolution
		HideSolutionNode = FALSE
	EndGlobalSection
	GlobalSection(ExtensibilityGlobals) = postSolution
		SolutionGuid = {64E64214-E9A1-4DDC-9E2E-94C8440F0808}
	EndGlobalSection
EndGlobal
